
Microsoft Visual Studio Solution File, Format Version 12.00
# Visual Studio Version 17
VisualStudioVersion = 17.0.31912.275
MinimumVisualStudioVersion = 10.0.40219.1
Project("{FAE04EC0-301F-11D3-BF4B-00C04F79EFBC}") = "ApiDirectoyABM", "ApiDirectoyABM\ApiDirectoyABM.csproj", "{3286FB86-E524-47AD-B317-955F7B006827}"
EndProject
Global
	GlobalSection(SolutionConfigurationPlatforms) = preSolution
		Debug|Any CPU = Debug|Any CPU
		Release|Any CPU = Release|Any CPU
	EndGlobalSection
	GlobalSection(ProjectConfigurationPlatforms) = postSolution
		{3286FB86-E524-47AD-B317-955F7B006827}.Debug|Any CPU.ActiveCfg = Debug|Any CPU
		{3286FB86-E524-47AD-B317-955F7B006827}.Debug|Any CPU.Build.0 = Debug|Any CPU
		{3286FB86-E524-47AD-B317-955F7B006827}.Release|Any CPU.ActiveCfg = Release|Any CPU
		{3286FB86-E524-47AD-B317-955F7B006827}.Release|Any CPU.Build.0 = Release|Any CPU
	EndGlobalSection
	GlobalSection(SolutionProperties) = preSolution
		HideSolutionNode = FALSE
	EndGlobalSection
	GlobalSection(ExtensibilityGlobals) = postSolution
		SolutionGuid = {B65CE435-1C92-4FED-AE7D-7163CA77355A}
	EndGlobalSection
EndGlobal
